// !$*UTF8*$!
{
	archiveVersion = 1;
	classes = {
	};
	objectVersion = 48;
	objects = {

/* Begin PBXBuildFile section */
		99977BA920A9C6CD00DF5A57 /* branchTest.m in Sources */ = {isa = PBXBuildFile; fileRef = 99977BA820A9C6CD00DF5A57 /* branchTest.m */; };
		99977BAC20A9D05A00DF5A57 /* branch2.m in Sources */ = {isa = PBXBuildFile; fileRef = 99977BAB20A9D05A00DF5A57 /* branch2.m */; };
		99D2E2AE20A7D781003F4464 /* AppDelegate.m in Sources */ = {isa = PBXBuildFile; fileRef = 99D2E2AD20A7D781003F4464 /* AppDelegate.m */; };
		99D2E2B120A7D781003F4464 /* ViewController.m in Sources */ = {isa = PBXBuildFile; fileRef = 99D2E2B020A7D781003F4464 /* ViewController.m */; };
		99D2E2B420A7D781003F4464 /* Main.storyboard in Resources */ = {isa = PBXBuildFile; fileRef = 99D2E2B220A7D781003F4464 /* Main.storyboard */; };
		99D2E2B620A7D781003F4464 /* Assets.xcassets in Resources */ = {isa = PBXBuildFile; fileRef = 99D2E2B520A7D781003F4464 /* Assets.xcassets */; };
		99D2E2B920A7D781003F4464 /* LaunchScreen.storyboard in Resources */ = {isa = PBXBuildFile; fileRef = 99D2E2B720A7D781003F4464 /* LaunchScreen.storyboard */; };
		99D2E2BC20A7D781003F4464 /* main.m in Sources */ = {isa = PBXBuildFile; fileRef = 99D2E2BB20A7D781003F4464 /* main.m */; };
		99D2E2C620A7D781003F4464 /* lzhlzhGitTestTests.m in Sources */ = {isa = PBXBuildFile; fileRef = 99D2E2C520A7D781003F4464 /* lzhlzhGitTestTests.m */; };
		99D2E2D120A7D781003F4464 /* lzhlzhGitTestUITests.m in Sources */ = {isa = PBXBuildFile; fileRef = 99D2E2D020A7D781003F4464 /* lzhlzhGitTestUITests.m */; };
/* End PBXBuildFile section */

/* Begin PBXContainerItemProxy section */
		99D2E2C220A7D781003F4464 /* PBXContainerItemProxy */ = {
			isa = PBXContainerItemProxy;
			containerPortal = 99D2E2A120A7D780003F4464 /* Project object */;
			proxyType = 1;
			remoteGlobalIDString = 99D2E2A820A7D781003F4464;
			remoteInfo = lzhlzhGitTest;
		};
		99D2E2CD20A7D781003F4464 /* PBXContainerItemProxy */ = {
			isa = PBXContainerItemProxy;
			containerPortal = 99D2E2A120A7D780003F4464 /* Project object */;
			proxyType = 1;
			remoteGlobalIDString = 99D2E2A820A7D781003F4464;
			remoteInfo = lzhlzhGitTest;
		};
/* End PBXContainerItemProxy section */

/* Begin PBXFileReference section */
		99977BA720A9C6CD00DF5A57 /* branchTest.h */ = {isa = PBXFileReference; lastKnownFileType = sourcecode.c.h; path = branchTest.h; sourceTree = "<group>"; };
		99977BA820A9C6CD00DF5A57 /* branchTest.m */ = {isa = PBXFileReference; lastKnownFileType = sourcecode.c.objc; path = branchTest.m; sourceTree = "<group>"; };
		99977BAA20A9D05A00DF5A57 /* branch2.h */ = {isa = PBXFileReference; lastKnownFileType = sourcecode.c.h; path = branch2.h; sourceTree = "<group>"; };
		99977BAB20A9D05A00DF5A57 /* branch2.m */ = {isa = PBXFileReference; lastKnownFileType = sourcecode.c.objc; path = branch2.m; sourceTree = "<group>"; };
		99D2E2A920A7D781003F4464 /* lzhlzhGitTest.app */ = {isa = PBXFileReference; explicitFileType = wrapper.application; includeInIndex = 0; path = lzhlzhGitTest.app; sourceTree = BUILT_PRODUCTS_DIR; };
		99D2E2AC20A7D781003F4464 /* AppDelegate.h */ = {isa = PBXFileReference; lastKnownFileType = sourcecode.c.h; path = AppDelegate.h; sourceTree = "<group>"; };
		99D2E2AD20A7D781003F4464 /* AppDelegate.m */ = {isa = PBXFileReference; lastKnownFileType = sourcecode.c.objc; path = AppDelegate.m; sourceTree = "<group>"; };
		99D2E2AF20A7D781003F4464 /* ViewController.h */ = {isa = PBXFileReference; lastKnownFileType = sourcecode.c.h; path = ViewController.h; sourceTree = "<group>"; };
		99D2E2B020A7D781003F4464 /* ViewController.m */ = {isa = PBXFileReference; lastKnownFileType = sourcecode.c.objc; path = ViewController.m; sourceTree = "<group>"; };
		99D2E2B320A7D781003F4464 /* Base */ = {isa = PBXFileReference; lastKnownFileType = file.storyboard; name = Base; path = Base.lproj/Main.storyboard; sourceTree = "<group>"; };
		99D2E2B520A7D781003F4464 /* Assets.xcassets */ = {isa = PBXFileReference; lastKnownFileType = folder.assetcatalog; path = Assets.xcassets; sourceTree = "<group>"; };
		99D2E2B820A7D781003F4464 /* Base */ = {isa = PBXFileReference; lastKnownFileType = file.storyboard; name = Base; path = Base.lproj/LaunchScreen.storyboard; sourceTree = "<group>"; };
		99D2E2BA20A7D781003F4464 /* Info.plist */ = {isa = PBXFileReference; lastKnownFileType = text.plist.xml; path = Info.plist; sourceTree = "<group>"; };
		99D2E2BB20A7D781003F4464 /* main.m */ = {isa = PBXFileReference; lastKnownFileType = sourcecode.c.objc; path = main.m; sourceTree = "<group>"; };
		99D2E2C120A7D781003F4464 /* lzhlzhGitTestTests.xctest */ = {isa = PBXFileReference; explicitFileType = wrapper.cfbundle; includeInIndex = 0; path = lzhlzhGitTestTests.xctest; sourceTree = BUILT_PRODUCTS_DIR; };
		99D2E2C520A7D781003F4464 /* lzhlzhGitTestTests.m */ = {isa = PBXFileReference; lastKnownFileType = sourcecode.c.objc; path = lzhlzhGitTestTests.m; sourceTree = "<group>"; };
		99D2E2C720A7D781003F4464 /* Info.plist */ = {isa = PBXFileReference; lastKnownFileType = text.plist.xml; path = Info.plist; sourceTree = "<group>"; };
		99D2E2CC20A7D781003F4464 /* lzhlzhGitTestUITests.xctest */ = {isa = PBXFileReference; explicitFileType = wrapper.cfbundle; includeInIndex = 0; path = lzhlzhGitTestUITests.xctest; sourceTree = BUILT_PRODUCTS_DIR; };
		99D2E2D020A7D781003F4464 /* lzhlzhGitTestUITests.m */ = {isa = PBXFileReference; lastKnownFileType = sourcecode.c.objc; path = lzhlzhGitTestUITests.m; sourceTree = "<group>"; };
		99D2E2D220A7D781003F4464 /* Info.plist */ = {isa = PBXFileReference; lastKnownFileType = text.plist.xml; path = Info.plist; sourceTree = "<group>"; };
/* End PBXFileReference section */

/* Begin PBXFrameworksBuildPhase section */
		99D2E2A620A7D781003F4464 /* Frameworks */ = {
			isa = PBXFrameworksBuildPhase;
			buildActionMask = 2147483647;
			files = (
			);
			runOnlyForDeploymentPostprocessing = 0;
		};
		99D2E2BE20A7D781003F4464 /* Frameworks */ = {
			isa = PBXFrameworksBuildPhase;
			buildActionMask = 2147483647;
			files = (
			);
			runOnlyForDeploymentPostprocessing = 0;
		};
		99D2E2C920A7D781003F4464 /* Frameworks */ = {
			isa = PBXFrameworksBuildPhase;
			buildActionMask = 2147483647;
			files = (
			);
			runOnlyForDeploymentPostprocessing = 0;
		};
/* End PBXFrameworksBuildPhase section */

/* Begin PBXGroup section */
		99D2E2A020A7D780003F4464 = {
			isa = PBXGroup;
			children = (
				99D2E2AB20A7D781003F4464 /* lzhlzhGitTest */,
				99D2E2C420A7D781003F4464 /* lzhlzhGitTestTests */,
				99D2E2CF20A7D781003F4464 /* lzhlzhGitTestUITests */,
				99D2E2AA20A7D781003F4464 /* Products */,
			);
			sourceTree = "<group>";
		};
		99D2E2AA20A7D781003F4464 /* Products */ = {
			isa = PBXGroup;
			children = (
				99D2E2A920A7D781003F4464 /* lzhlzhGitTest.app */,
				99D2E2C120A7D781003F4464 /* lzhlzhGitTestTests.xctest */,
				99D2E2CC20A7D781003F4464 /* lzhlzhGitTestUITests.xctest */,
			);
			name = Products;
			sourceTree = "<group>";
		};
		99D2E2AB20A7D781003F4464 /* lzhlzhGitTest */ = {
			isa = PBXGroup;
			children = (
				99D2E2AC20A7D781003F4464 /* AppDelegate.h */,
				99D2E2AD20A7D781003F4464 /* AppDelegate.m */,
				99D2E2AF20A7D781003F4464 /* ViewController.h */,
				99D2E2B020A7D781003F4464 /* ViewController.m */,
				99D2E2B220A7D781003F4464 /* Main.storyboard */,
				99D2E2B520A7D781003F4464 /* Assets.xcassets */,
				99D2E2B720A7D781003F4464 /* LaunchScreen.storyboard */,
				99D2E2BA20A7D781003F4464 /* Info.plist */,
				99D2E2BB20A7D781003F4464 /* main.m */,
				99977BA720A9C6CD00DF5A57 /* branchTest.h */,
				99977BA820A9C6CD00DF5A57 /* branchTest.m */,
				99977BAA20A9D05A00DF5A57 /* branch2.h */,
				99977BAB20A9D05A00DF5A57 /* branch2.m */,
			);
			path = lzhlzhGitTest;
			sourceTree = "<group>";
		};
		99D2E2C420A7D781003F4464 /* lzhlzhGitTestTests */ = {
			isa = PBXGroup;
			children = (
				99D2E2C520A7D781003F4464 /* lzhlzhGitTestTests.m */,
				99D2E2C720A7D781003F4464 /* Info.plist */,
			);
			path = lzhlzhGitTestTests;
			sourceTree = "<group>";
		};
		99D2E2CF20A7D781003F4464 /* lzhlzhGitTestUITests */ = {
			isa = PBXGroup;
			children = (
				99D2E2D020A7D781003F4464 /* lzhlzhGitTestUITests.m */,
				99D2E2D220A7D781003F4464 /* Info.plist */,
			);
			path = lzhlzhGitTestUITests;
			sourceTree = "<group>";
		};
/* End PBXGroup section */

/* Begin PBXNativeTarget section */
		99D2E2A820A7D781003F4464 /* lzhlzhGitTest */ = {
			isa = PBXNativeTarget;
			buildConfigurationList = 99D2E2D520A7D781003F4464 /* Build configuration list for PBXNativeTarget "lzhlzhGitTest" */;
			buildPhases = (
				99D2E2A520A7D781003F4464 /* Sources */,
				99D2E2A620A7D781003F4464 /* Frameworks */,
				99D2E2A720A7D781003F4464 /* Resources */,
			);
			buildRules = (
			);
			dependencies = (
			);
			name = lzhlzhGitTest;
			productName = lzhlzhGitTest;
			productReference = 99D2E2A920A7D781003F4464 /* lzhlzhGitTest.app */;
			productType = "com.apple.product-type.application";
		};
		99D2E2C020A7D781003F4464 /* lzhlzhGitTestTests */ = {
			isa = PBXNativeTarget;
			buildConfigurationList = 99D2E2D820A7D781003F4464 /* Build configuration list for PBXNativeTarget "lzhlzhGitTestTests" */;
			buildPhases = (
				99D2E2BD20A7D781003F4464 /* Sources */,
				99D2E2BE20A7D781003F4464 /* Frameworks */,
				99D2E2BF20A7D781003F4464 /* Resources */,
			);
			buildRules = (
			);
			dependencies = (
				99D2E2C320A7D781003F4464 /* PBXTargetDependency */,
			);
			name = lzhlzhGitTestTests;
			productName = lzhlzhGitTestTests;
			productReference = 99D2E2C120A7D781003F4464 /* lzhlzhGitTestTests.xctest */;
			productType = "com.apple.product-type.bundle.unit-test";
		};
		99D2E2CB20A7D781003F4464 /* lzhlzhGitTestUITests */ = {
			isa = PBXNativeTarget;
			buildConfigurationList = 99D2E2DB20A7D781003F4464 /* Build configuration list for PBXNativeTarget "lzhlzhGitTestUITests" */;
			buildPhases = (
				99D2E2C820A7D781003F4464 /* Sources */,
				99D2E2C920A7D781003F4464 /* Frameworks */,
				99D2E2CA20A7D781003F4464 /* Resources */,
			);
			buildRules = (
			);
			dependencies = (
				99D2E2CE20A7D781003F4464 /* PBXTargetDependency */,
			);
			name = lzhlzhGitTestUITests;
			productName = lzhlzhGitTestUITests;
			productReference = 99D2E2CC20A7D781003F4464 /* lzhlzhGitTestUITests.xctest */;
			productType = "com.apple.product-type.bundle.ui-testing";
		};
/* End PBXNativeTarget section */

/* Begin PBXProject section */
		99D2E2A120A7D780003F4464 /* Project object */ = {
			isa = PBXProject;
			attributes = {
				LastUpgradeCheck = 0920;
				ORGANIZATIONNAME = haichuanhuiwulianxinxi;
				TargetAttributes = {
					99D2E2A820A7D781003F4464 = {
						CreatedOnToolsVersion = 9.2;
						ProvisioningStyle = Automatic;
					};
					99D2E2C020A7D781003F4464 = {
						CreatedOnToolsVersion = 9.2;
						ProvisioningStyle = Automatic;
						TestTargetID = 99D2E2A820A7D781003F4464;
					};
					99D2E2CB20A7D781003F4464 = {
						CreatedOnToolsVersion = 9.2;
						ProvisioningStyle = Automatic;
						TestTargetID = 99D2E2A820A7D781003F4464;
					};
				};
			};
			buildConfigurationList = 99D2E2A420A7D780003F4464 /* Build configuration list for PBXProject "lzhlzhGitTest" */;
			compatibilityVersion = "Xcode 8.0";
			developmentRegion = en;
			hasScannedForEncodings = 0;
			knownRegions = (
				en,
				Base,
			);
			mainGroup = 99D2E2A020A7D780003F4464;
			productRefGroup = 99D2E2AA20A7D781003F4464 /* Products */;
			projectDirPath = "";
			projectRoot = "";
			targets = (
				99D2E2A820A7D781003F4464 /* lzhlzhGitTest */,
				99D2E2C020A7D781003F4464 /* lzhlzhGitTestTests */,
				99D2E2CB20A7D781003F4464 /* lzhlzhGitTestUITests */,
			);
		};
/* End PBXProject section */

/* Begin PBXResourcesBuildPhase section */
		99D2E2A720A7D781003F4464 /* Resources */ = {
			isa = PBXResourcesBuildPhase;
			buildActionMask = 2147483647;
			files = (
				99D2E2B920A7D781003F4464 /* LaunchScreen.storyboard in Resources */,
				99D2E2B620A7D781003F4464 /* Assets.xcassets in Resources */,
				99D2E2B420A7D781003F4464 /* Main.storyboard in Resources */,
			);
			runOnlyForDeploymentPostprocessing = 0;
		};
		99D2E2BF20A7D781003F4464 /* Resources */ = {
			isa = PBXResourcesBuildPhase;
			buildActionMask = 2147483647;
			files = (
			);
			runOnlyForDeploymentPostprocessing = 0;
		};
		99D2E2CA20A7D781003F4464 /* Resources */ = {
			isa = PBXResourcesBuildPhase;
			buildActionMask = 2147483647;
			files = (
			);
			runOnlyForDeploymentPostprocessing = 0;
		};
/* End PBXResourcesBuildPhase section */

/* Begin PBXSourcesBuildPhase section */
		99D2E2A520A7D781003F4464 /* Sources */ = {
			isa = PBXSourcesBuildPhase;
			buildActionMask = 2147483647;
			files = (
				99D2E2B120A7D781003F4464 /* ViewController.m in Sources */,
				99977BA920A9C6CD00DF5A57 /* branchTest.m in Sources */,
				99977BAC20A9D05A00DF5A57 /* branch2.m in Sources */,
				99D2E2BC20A7D781003F4464 /* main.m in Sources */,
				99D2E2AE20A7D781003F4464 /* AppDelegate.m in Sources */,
			);
			runOnlyForDeploymentPostprocessing = 0;
		};
		99D2E2BD20A7D781003F4464 /* Sources */ = {
			isa = PBXSourcesBuildPhase;
			buildActionMask = 2147483647;
			files = (
				99D2E2C620A7D781003F4464 /* lzhlzhGitTestTests.m in Sources */,
			);
			runOnlyForDeploymentPostprocessing = 0;
		};
		99D2E2C820A7D781003F4464 /* Sources */ = {
			isa = PBXSourcesBuildPhase;
			buildActionMask = 2147483647;
			files = (
				99D2E2D120A7D781003F4464 /* lzhlzhGitTestUITests.m in Sources */,
			);
			runOnlyForDeploymentPostprocessing = 0;
		};
/* End PBXSourcesBuildPhase section */

/* Begin PBXTargetDependency section */
		99D2E2C320A7D781003F4464 /* PBXTargetDependency */ = {
			isa = PBXTargetDependency;
			target = 99D2E2A820A7D781003F4464 /* lzhlzhGitTest */;
			targetProxy = 99D2E2C220A7D781003F4464 /* PBXContainerItemProxy */;
		};
		99D2E2CE20A7D781003F4464 /* PBXTargetDependency */ = {
			isa = PBXTargetDependency;
			target = 99D2E2A820A7D781003F4464 /* lzhlzhGitTest */;
			targetProxy = 99D2E2CD20A7D781003F4464 /* PBXContainerItemProxy */;
		};
/* End PBXTargetDependency section */

/* Begin PBXVariantGroup section */
		99D2E2B220A7D781003F4464 /* Main.storyboard */ = {
			isa = PBXVariantGroup;
			children = (
				99D2E2B320A7D781003F4464 /* Base */,
			);
			name = Main.storyboard;
			sourceTree = "<group>";
		};
		99D2E2B720A7D781003F4464 /* LaunchScreen.storyboard */ = {
			isa = PBXVariantGroup;
			children = (
				99D2E2B820A7D781003F4464 /* Base */,
			);
			name = LaunchScreen.storyboard;
			sourceTree = "<group>";
		};
/* End PBXVariantGroup section */

/* Begin XCBuildConfiguration section */
		99D2E2D320A7D781003F4464 /* Debug */ = {
			isa = XCBuildConfiguration;
			buildSettings = {
				ALWAYS_SEARCH_USER_PATHS = NO;
				CLANG_ANALYZER_NONNULL = YES;
				CLANG_ANALYZER_NUMBER_OBJECT_CONVERSION = YES_AGGRESSIVE;
				CLANG_CXX_LANGUAGE_STANDARD = "gnu++14";
				CLANG_CXX_LIBRARY = "libc++";
				CLANG_ENABLE_MODULES = YES;
				CLANG_ENABLE_OBJC_ARC = YES;
				CLANG_WARN_BLOCK_CAPTURE_AUTORELEASING = YES;
				CLANG_WARN_BOOL_CONVERSION = YES;
				CLANG_WARN_COMMA = YES;
				CLANG_WARN_CONSTANT_CONVERSION = YES;
				CLANG_WARN_DIRECT_OBJC_ISA_USAGE = YES_ERROR;
				CLANG_WARN_DOCUMENTATION_COMMENTS = YES;
				CLANG_WARN_EMPTY_BODY = YES;
				CLANG_WARN_ENUM_CONVERSION = YES;
				CLANG_WARN_INFINITE_RECURSION = YES;
				CLANG_WARN_INT_CONVERSION = YES;
				CLANG_WARN_NON_LITERAL_NULL_CONVERSION = YES;
				CLANG_WARN_OBJC_LITERAL_CONVERSION = YES;
				CLANG_WARN_OBJC_ROOT_CLASS = YES_ERROR;
				CLANG_WARN_RANGE_LOOP_ANALYSIS = YES;
				CLANG_WARN_STRICT_PROTOTYPES = YES;
				CLANG_WARN_SUSPICIOUS_MOVE = YES;
				CLANG_WARN_UNGUARDED_AVAILABILITY = YES_AGGRESSIVE;
				CLANG_WARN_UNREACHABLE_CODE = YES;
				CLANG_WARN__DUPLICATE_METHOD_MATCH = YES;
				CODE_SIGN_IDENTITY = "iPhone Developer";
				COPY_PHASE_STRIP = NO;
				DEBUG_INFORMATION_FORMAT = dwarf;
				ENABLE_STRICT_OBJC_MSGSEND = YES;
				ENABLE_TESTABILITY = YES;
				GCC_C_LANGUAGE_STANDARD = gnu11;
				GCC_DYNAMIC_NO_PIC = NO;
				GCC_NO_COMMON_BLOCKS = YES;
				GCC_OPTIMIZATION_LEVEL = 0;
				GCC_PREPROCESSOR_DEFINITIONS = (
					"DEBUG=1",
					"$(inherited)",
				);
				GCC_WARN_64_TO_32_BIT_CONVERSION = YES;
				GCC_WARN_ABOUT_RETURN_TYPE = YES_ERROR;
				GCC_WARN_UNDECLARED_SELECTOR = YES;
				GCC_WARN_UNINITIALIZED_AUTOS = YES_AGGRESSIVE;
				GCC_WARN_UNUSED_FUNCTION = YES;
				GCC_WARN_UNUSED_VARIABLE = YES;
				IPHONEOS_DEPLOYMENT_TARGET = 11.2;
				MTL_ENABLE_DEBUG_INFO = YES;
				ONLY_ACTIVE_ARCH = YES;
				SDKROOT = iphoneos;
			};
			name = Debug;
		};
		99D2E2D420A7D781003F4464 /* Release */ = {
			isa = XCBuildConfiguration;
			buildSettings = {
				ALWAYS_SEARCH_USER_PATHS = NO;
				CLANG_ANALYZER_NONNULL = YES;
				CLANG_ANALYZER_NUMBER_OBJECT_CONVERSION = YES_AGGRESSIVE;
				CLANG_CXX_LANGUAGE_STANDARD = "gnu++14";
				CLANG_CXX_LIBRARY = "libc++";
				CLANG_ENABLE_MODULES = YES;
				CLANG_ENABLE_OBJC_ARC = YES;
				CLANG_WARN_BLOCK_CAPTURE_AUTORELEASING = YES;
				CLANG_WARN_BOOL_CONVERSION = YES;
				CLANG_WARN_COMMA = YES;
				CLANG_WARN_CONSTANT_CONVERSION = YES;
				CLANG_WARN_DIRECT_OBJC_ISA_USAGE = YES_ERROR;
				CLANG_WARN_DOCUMENTATION_COMMENTS = YES;
				CLANG_WARN_EMPTY_BODY = YES;
				CLANG_WARN_ENUM_CONVERSION = YES;
				CLANG_WARN_INFINITE_RECURSION = YES;
				CLANG_WARN_INT_CONVERSION = YES;
				CLANG_WARN_NON_LITERAL_NULL_CONVERSION = YES;
				CLANG_WARN_OBJC_LITERAL_CONVERSION = YES;
				CLANG_WARN_OBJC_ROOT_CLASS = YES_ERROR;
				CLANG_WARN_RANGE_LOOP_ANALYSIS = YES;
				CLANG_WARN_STRICT_PROTOTYPES = YES;
				CLANG_WARN_SUSPICIOUS_MOVE = YES;
				CLANG_WARN_UNGUARDED_AVAILABILITY = YES_AGGRESSIVE;
				CLANG_WARN_UNREACHABLE_CODE = YES;
				CLANG_WARN__DUPLICATE_METHOD_MATCH = YES;
				CODE_SIGN_IDENTITY = "iPhone Developer";
				COPY_PHASE_STRIP = NO;
				DEBUG_INFORMATION_FORMAT = "dwarf-with-dsym";
				ENABLE_NS_ASSERTIONS = NO;
				ENABLE_STRICT_OBJC_MSGSEND = YES;
				GCC_C_LANGUAGE_STANDARD = gnu11;
				GCC_NO_COMMON_BLOCKS = YES;
				GCC_WARN_64_TO_32_BIT_CONVERSION = YES;
				GCC_WARN_ABOUT_RETURN_TYPE = YES_ERROR;
				GCC_WARN_UNDECLARED_SELECTOR = YES;
				GCC_WARN_UNINITIALIZED_AUTOS = YES_AGGRESSIVE;
				GCC_WARN_UNUSED_FUNCTION = YES;
				GCC_WARN_UNUSED_VARIABLE = YES;
				IPHONEOS_DEPLOYMENT_TARGET = 11.2;
				MTL_ENABLE_DEBUG_INFO = NO;
				SDKROOT = iphoneos;
				VALIDATE_PRODUCT = YES;
			};
			name = Release;
		};
		99D2E2D620A7D781003F4464 /* Debug */ = {
			isa = XCBuildConfiguration;
			buildSettings = {
				ASSETCATALOG_COMPILER_APPICON_NAME = AppIcon;
				CODE_SIGN_STYLE = Automatic;
				DEVELOPMENT_TEAM = N64S25EDC3;
				INFOPLIST_FILE = lzhlzhGitTest/Info.plist;
				LD_RUNPATH_SEARCH_PATHS = "$(inherited) @executable_path/Frameworks";
				PRODUCT_BUNDLE_IDENTIFIER = lzh.lzhlzhGitTest;
				PRODUCT_NAME = "$(TARGET_NAME)";
				TARGETED_DEVICE_FAMILY = "1,2";
			};
			name = Debug;
		};
		99D2E2D720A7D781003F4464 /* Release */ = {
			isa = XCBuildConfiguration;
			buildSettings = {
				ASSETCATALOG_COMPILER_APPICON_NAME = AppIcon;
				CODE_SIGN_STYLE = Automatic;
				DEVELOPMENT_TEAM = N64S25EDC3;
				INFOPLIST_FILE = lzhlzhGitTest/Info.plist;
				LD_RUNPATH_SEARCH_PATHS = "$(inherited) @executable_path/Frameworks";
				PRODUCT_BUNDLE_IDENTIFIER = lzh.lzhlzhGitTest;
				PRODUCT_NAME = "$(TARGET_NAME)";
				TARGETED_DEVICE_FAMILY = "1,2";
			};
			name = Release;
		};
		99D2E2D920A7D781003F4464 /* Debug */ = {
			isa = XCBuildConfiguration;
			buildSettings = {
				BUNDLE_LOADER = "$(TEST_HOST)";
				CODE_SIGN_STYLE = Automatic;
				DEVELOPMENT_TEAM = N64S25EDC3;
				INFOPLIST_FILE = lzhlzhGitTestTests/Info.plist;
				LD_RUNPATH_SEARCH_PATHS = "$(inherited) @executable_path/Frameworks @loader_path/Frameworks";
				PRODUCT_BUNDLE_IDENTIFIER = lzh.lzhlzhGitTestTests;
				PRODUCT_NAME = "$(TARGET_NAME)";
				TARGETED_DEVICE_FAMILY = "1,2";
				TEST_HOST = "$(BUILT_PRODUCTS_DIR)/lzhlzhGitTest.app/lzhlzhGitTest";
			};
			name = Debug;
		};
		99D2E2DA20A7D781003F4464 /* Release */ = {
			isa = XCBuildConfiguration;
			buildSettings = {
				BUNDLE_LOADER = "$(TEST_HOST)";
				CODE_SIGN_STYLE = Automatic;
				DEVELOPMENT_TEAM = N64S25EDC3;
				INFOPLIST_FILE = lzhlzhGitTestTests/Info.plist;
				LD_RUNPATH_SEARCH_PATHS = "$(inherited) @executable_path/Frameworks @loader_path/Frameworks";
				PRODUCT_BUNDLE_IDENTIFIER = lzh.lzhlzhGitTestTests;
				PRODUCT_NAME = "$(TARGET_NAME)";
				TARGETED_DEVICE_FAMILY = "1,2";
				TEST_HOST = "$(BUILT_PRODUCTS_DIR)/lzhlzhGitTest.app/lzhlzhGitTest";
			};
			name = Release;
		};
		99D2E2DC20A7D781003F4464 /* Debug */ = {
			isa = XCBuildConfiguration;
			buildSettings = {
				CODE_SIGN_STYLE = Automatic;
				DEVELOPMENT_TEAM = N64S25EDC3;
				INFOPLIST_FILE = lzhlzhGitTestUITests/Info.plist;
				LD_RUNPATH_SEARCH_PATHS = "$(inherited) @executable_path/Frameworks @loader_path/Frameworks";
				PRODUCT_BUNDLE_IDENTIFIER = lzh.lzhlzhGitTestUITests;
				PRODUCT_NAME = "$(TARGET_NAME)";
				TARGETED_DEVICE_FAMILY = "1,2";
				TEST_TARGET_NAME = lzhlzhGitTest;
			};
			name = Debug;
		};
		99D2E2DD20A7D781003F4464 /* Release */ = {
			isa = XCBuildConfiguration;
			buildSettings = {
				CODE_SIGN_STYLE = Automatic;
				DEVELOPMENT_TEAM = N64S25EDC3;
				INFOPLIST_FILE = lzhlzhGitTestUITests/Info.plist;
				LD_RUNPATH_SEARCH_PATHS = "$(inherited) @executable_path/Frameworks @loader_path/Frameworks";
				PRODUCT_BUNDLE_IDENTIFIER = lzh.lzhlzhGitTestUITests;
				PRODUCT_NAME = "$(TARGET_NAME)";
				TARGETED_DEVICE_FAMILY = "1,2";
				TEST_TARGET_NAME = lzhlzhGitTest;
			};
			name = Release;
		};
/* End XCBuildConfiguration section */

/* Begin XCConfigurationList section */
		99D2E2A420A7D780003F4464 /* Build configuration list for PBXProject "lzhlzhGitTest" */ = {
			isa = XCConfigurationList;
			buildConfigurations = (
				99D2E2D320A7D781003F4464 /* Debug */,
				99D2E2D420A7D781003F4464 /* Release */,
			);
			defaultConfigurationIsVisible = 0;
			defaultConfigurationName = Release;
		};
		99D2E2D520A7D781003F4464 /* Build configuration list for PBXNativeTarget "lzhlzhGitTest" */ = {
			isa = XCConfigurationList;
			buildConfigurations = (
				99D2E2D620A7D781003F4464 /* Debug */,
				99D2E2D720A7D781003F4464 /* Release */,
			);
			defaultConfigurationIsVisible = 0;
			defaultConfigurationName = Release;
		};
		99D2E2D820A7D781003F4464 /* Build configuration list for PBXNativeTarget "lzhlzhGitTestTests" */ = {
			isa = XCConfigurationList;
			buildConfigurations = (
				99D2E2D920A7D781003F4464 /* Debug */,
				99D2E2DA20A7D781003F4464 /* Release */,
			);
			defaultConfigurationIsVisible = 0;
			defaultConfigurationName = Release;
		};
		99D2E2DB20A7D781003F4464 /* Build configuration list for PBXNativeTarget "lzhlzhGitTestUITests" */ = {
			isa = XCConfigurationList;
			buildConfigurations = (
				99D2E2DC20A7D781003F4464 /* Debug */,
				99D2E2DD20A7D781003F4464 /* Release */,
			);
			defaultConfigurationIsVisible = 0;
			defaultConfigurationName = Release;
		};
/* End XCConfigurationList section */
	};
	rootObject = 99D2E2A120A7D780003F4464 /* Project object */;
}
